# @generated - this file is auto-generated by `mise lock` https://mise.en.dev/dev-tools/mise-lock.html

[[tools.actionlint]]
version = "1.7.12"
backend = "aqua:rhysd/actionlint"

[tools.actionlint."platforms.linux-x64"]
checksum = "sha256:8aca8db96f1b94770f1b0d72b6dddcb1ebb8123cb3712530b08cc387b349a3d8"
url = "https://github.com/rhysd/actionlint/releases/download/v1.7.12/actionlint_1.7.12_linux_amd64.tar.gz"
provenance = "github-attestations"

[tools.actionlint."platforms.linux-x64-baseline"]
checksum = "sha256:8aca8db96f1b94770f1b0d72b6dddcb1ebb8123cb3712530b08cc387b349a3d8"
url = "https://github.com/rhysd/actionlint/releases/download/v1.7.12/actionlint_1.7.12_linux_amd64.tar.gz"
provenance = "github-attestations"

[tools.actionlint."platforms.linux-x64-musl"]
checksum = "sha256:8aca8db96f1b94770f1b0d72b6dddcb1ebb8123cb3712530b08cc387b349a3d8"
url = "https://github.com/rhysd/actionlint/releases/download/v1.7.12/actionlint_1.7.12_linux_amd64.tar.gz"
provenance = "github-attestations"

[tools.actionlint."platforms.linux-x64-musl-baseline"]
checksum = "sha256:8aca8db96f1b94770f1b0d72b6dddcb1ebb8123cb3712530b08cc387b349a3d8"
url = "https://github.com/rhysd/actionlint/releases/download/v1.7.12/actionlint_1.7.12_linux_amd64.tar.gz"
provenance = "github-attestations"

[[tools.aube]]
version = "v1.24.0"
backend = "aqua:jdx/aube"

[tools.aube."platforms.linux-x64"]
checksum = "sha256:c50e5d283170b7ffb62beb229f97ebd42481dc8380f24d8123b472d87328e5b4"
url = "https://github.com/jdx/aube/releases/download/v1.24.0/aube-v1.24.0-x86_64-unknown-linux-gnu.tar.gz"
provenance = "github-attestations"

[tools.aube."platforms.linux-x64-baseline"]
checksum = "sha256:c50e5d283170b7ffb62beb229f97ebd42481dc8380f24d8123b472d87328e5b4"
url = "https://github.com/jdx/aube/releases/download/v1.24.0/aube-v1.24.0-x86_64-unknown-linux-gnu.tar.gz"
provenance = "github-attestations"

[tools.aube."platforms.linux-x64-musl"]
checksum = "sha256:4077980962b590e35402c3a51b752cfc6d151ad3ae43f3d1759349b4857f0443"
url = "https://github.com/jdx/aube/releases/download/v1.24.0/aube-v1.24.0-x86_64-unknown-linux-musl.tar.gz"
provenance = "github-attestations"

[tools.aube."platforms.linux-x64-musl-baseline"]
checksum = "sha256:4077980962b590e35402c3a51b752cfc6d151ad3ae43f3d1759349b4857f0443"
url = "https://github.com/jdx/aube/releases/download/v1.24.0/aube-v1.24.0-x86_64-unknown-linux-musl.tar.gz"
provenance = "github-attestations"

[[tools.betterleaks]]
version = "1.5.0"
backend = "aqua:betterleaks/betterleaks"

[tools.betterleaks."platforms.linux-x64"]
checksum = "sha256:b883e8c61a3a14c90ff46a08c203cf88fe340ed88251d4c049db5530ec0ac54b"
url = "https://github.com/betterleaks/betterleaks/releases/download/v1.5.0/betterleaks_1.5.0_linux_x64.tar.gz"
provenance = "cosign"

[tools.betterleaks."platforms.linux-x64-baseline"]
checksum = "sha256:b883e8c61a3a14c90ff46a08c203cf88fe340ed88251d4c049db5530ec0ac54b"
url = "https://github.com/betterleaks/betterleaks/releases/download/v1.5.0/betterleaks_1.5.0_linux_x64.tar.gz"
provenance = "cosign"

[tools.betterleaks."platforms.linux-x64-musl"]
checksum = "sha256:b883e8c61a3a14c90ff46a08c203cf88fe340ed88251d4c049db5530ec0ac54b"
url = "https://github.com/betterleaks/betterleaks/releases/download/v1.5.0/betterleaks_1.5.0_linux_x64.tar.gz"
provenance = "cosign"

[tools.betterleaks."platforms.linux-x64-musl-baseline"]
checksum = "sha256:b883e8c61a3a14c90ff46a08c203cf88fe340ed88251d4c049db5530ec0ac54b"
url = "https://github.com/betterleaks/betterleaks/releases/download/v1.5.0/betterleaks_1.5.0_linux_x64.tar.gz"
provenance = "cosign"

[[tools.bitwarden]]
version = "2026.4.1"
backend = "aqua:bitwarden/clients"

[tools.bitwarden."platforms.linux-x64"]
checksum = "sha256:2172dc63f821fcbd4b4ce65e7106f1ebab26b6cb16c9c8a5b28230dcc6f8a774"
url = "https://github.com/bitwarden/clients/releases/download/cli-v2026.4.1/bw-linux-2026.4.1.zip"

[tools.bitwarden."platforms.linux-x64-baseline"]
checksum = "sha256:2172dc63f821fcbd4b4ce65e7106f1ebab26b6cb16c9c8a5b28230dcc6f8a774"
url = "https://github.com/bitwarden/clients/releases/download/cli-v2026.4.1/bw-linux-2026.4.1.zip"

[tools.bitwarden."platforms.linux-x64-musl"]
checksum = "sha256:2172dc63f821fcbd4b4ce65e7106f1ebab26b6cb16c9c8a5b28230dcc6f8a774"
url = "https://github.com/bitwarden/clients/releases/download/cli-v2026.4.1/bw-linux-2026.4.1.zip"

[tools.bitwarden."platforms.linux-x64-musl-baseline"]
checksum = "sha256:2172dc63f821fcbd4b4ce65e7106f1ebab26b6cb16c9c8a5b28230dcc6f8a774"
url = "https://github.com/bitwarden/clients/releases/download/cli-v2026.4.1/bw-linux-2026.4.1.zip"

[[tools.bun]]
version = "1.3.14"
backend = "core:bun"

[tools.bun."platforms.linux-x64"]
checksum = "sha256:951ee2aee855f08595aeec6225226a298d3fea83a3dcd6465c09cbccdf7e848f"
url = "https://github.com/oven-sh/bun/releases/download/bun-v1.3.14/bun-linux-x64.zip"

[tools.bun."platforms.linux-x64-baseline"]
checksum = "sha256:a063908ae08b7852ca10939bbdc6ceed3ddabce8fb9402dce83d65d73b36e6c7"
url = "https://github.com/oven-sh/bun/releases/download/bun-v1.3.14/bun-linux-x64-baseline.zip"

[tools.bun."platforms.linux-x64-musl"]
checksum = "sha256:14bd9aedeebf1dba67e8def9531c89bc989ecfdf1de42e5bfcaf1b8cd9294719"
url = "https://github.com/oven-sh/bun/releases/download/bun-v1.3.14/bun-linux-x64-musl.zip"

[tools.bun."platforms.linux-x64-musl-baseline"]
checksum = "sha256:56a7d6806cf155536c0178f0ea5fbd098e684fa509ebdb4fc0a7e19fb65382dc"
url = "https://github.com/oven-sh/bun/releases/download/bun-v1.3.14/bun-linux-x64-musl-baseline.zip"

[[tools.ghalint]]
version = "1.5.6"
backend = "aqua:suzuki-shunsuke/ghalint"

[tools.ghalint."platforms.linux-x64"]
checksum = "sha256:98ee0e3330de7286f470d1e89c03ff7ce70d7a5998ba0f15969c400447be579c"
url = "https://github.com/suzuki-shunsuke/ghalint/releases/download/v1.5.6/ghalint_1.5.6_linux_amd64.tar.gz"

[tools.ghalint."platforms.linux-x64".provenance.slsa]
url = "https://github.com/suzuki-shunsuke/ghalint/releases/download/v1.5.6/multiple.intoto.jsonl"

[tools.ghalint."platforms.linux-x64-baseline"]
checksum = "sha256:98ee0e3330de7286f470d1e89c03ff7ce70d7a5998ba0f15969c400447be579c"
url = "https://github.com/suzuki-shunsuke/ghalint/releases/download/v1.5.6/ghalint_1.5.6_linux_amd64.tar.gz"

[tools.ghalint."platforms.linux-x64-baseline".provenance.slsa]
url = "https://github.com/suzuki-shunsuke/ghalint/releases/download/v1.5.6/multiple.intoto.jsonl"

[tools.ghalint."platforms.linux-x64-musl"]
checksum = "sha256:98ee0e3330de7286f470d1e89c03ff7ce70d7a5998ba0f15969c400447be579c"
url = "https://github.com/suzuki-shunsuke/ghalint/releases/download/v1.5.6/ghalint_1.5.6_linux_amd64.tar.gz"

[tools.ghalint."platforms.linux-x64-musl".provenance.slsa]
url = "https://github.com/suzuki-shunsuke/ghalint/releases/download/v1.5.6/multiple.intoto.jsonl"

[tools.ghalint."platforms.linux-x64-musl-baseline"]
checksum = "sha256:98ee0e3330de7286f470d1e89c03ff7ce70d7a5998ba0f15969c400447be579c"
url = "https://github.com/suzuki-shunsuke/ghalint/releases/download/v1.5.6/ghalint_1.5.6_linux_amd64.tar.gz"

[tools.ghalint."platforms.linux-x64-musl-baseline".provenance.slsa]
url = "https://github.com/suzuki-shunsuke/ghalint/releases/download/v1.5.6/multiple.intoto.jsonl"

[[tools.hadolint]]
version = "2.14.0"
backend = "aqua:hadolint/hadolint"

[tools.hadolint."platforms.linux-x64"]
checksum = "sha256:6bf226944684f56c84dd014e8b979d27425c0148f61b3bd99bcc6f39e9dc5a47"
url = "https://github.com/hadolint/hadolint/releases/download/v2.14.0/hadolint-linux-x86_64"

[tools.hadolint."platforms.linux-x64-baseline"]
checksum = "sha256:6bf226944684f56c84dd014e8b979d27425c0148f61b3bd99bcc6f39e9dc5a47"
url = "https://github.com/hadolint/hadolint/releases/download/v2.14.0/hadolint-linux-x86_64"

[tools.hadolint."platforms.linux-x64-musl"]
checksum = "sha256:6bf226944684f56c84dd014e8b979d27425c0148f61b3bd99bcc6f39e9dc5a47"
url = "https://github.com/hadolint/hadolint/releases/download/v2.14.0/hadolint-linux-x86_64"

[tools.hadolint."platforms.linux-x64-musl-baseline"]
checksum = "sha256:6bf226944684f56c84dd014e8b979d27425c0148f61b3bd99bcc6f39e9dc5a47"
url = "https://github.com/hadolint/hadolint/releases/download/v2.14.0/hadolint-linux-x86_64"

[[tools.hk]]
version = "1.48.0"
backend = "aqua:jdx/hk"

[tools.hk."platforms.linux-x64"]
checksum = "sha256:6b7f9a28391a8b13b88208d723cbde7b945d095cbb03455c7dd5f8df551ed380"
url = "https://github.com/jdx/hk/releases/download/v1.48.0/hk-x86_64-unknown-linux-gnu.tar.gz"

[tools.hk."platforms.linux-x64-baseline"]
checksum = "sha256:6b7f9a28391a8b13b88208d723cbde7b945d095cbb03455c7dd5f8df551ed380"
url = "https://github.com/jdx/hk/releases/download/v1.48.0/hk-x86_64-unknown-linux-gnu.tar.gz"

[tools.hk."platforms.linux-x64-musl"]
checksum = "sha256:bde5bcaab4035488520ab977f23bfe0b1b639152c6ed7200c9592724e2afe88d"
url = "https://github.com/jdx/hk/releases/download/v1.48.0/hk-x86_64-unknown-linux-musl.tar.gz"

[tools.hk."platforms.linux-x64-musl-baseline"]
checksum = "sha256:bde5bcaab4035488520ab977f23bfe0b1b639152c6ed7200c9592724e2afe88d"
url = "https://github.com/jdx/hk/releases/download/v1.48.0/hk-x86_64-unknown-linux-musl.tar.gz"

[[tools.jc]]
version = "1.25.7"
backend = "aqua:kellyjonbrazil/jc"

[tools.jc."platforms.linux-x64"]
checksum = "sha256:e7b4bd9eca4164276b99b39cc56e2dbc9536ad7b997f80a70ea9b7778f5fded4"
url = "https://github.com/kellyjonbrazil/jc/releases/download/v1.25.7/jc-1.25.7-linux-x86_64.tar.gz"

[tools.jc."platforms.linux-x64-baseline"]
checksum = "sha256:e7b4bd9eca4164276b99b39cc56e2dbc9536ad7b997f80a70ea9b7778f5fded4"
url = "https://github.com/kellyjonbrazil/jc/releases/download/v1.25.7/jc-1.25.7-linux-x86_64.tar.gz"

[tools.jc."platforms.linux-x64-musl"]
checksum = "sha256:e7b4bd9eca4164276b99b39cc56e2dbc9536ad7b997f80a70ea9b7778f5fded4"
url = "https://github.com/kellyjonbrazil/jc/releases/download/v1.25.7/jc-1.25.7-linux-x86_64.tar.gz"

[tools.jc."platforms.linux-x64-musl-baseline"]
checksum = "sha256:e7b4bd9eca4164276b99b39cc56e2dbc9536ad7b997f80a70ea9b7778f5fded4"
url = "https://github.com/kellyjonbrazil/jc/releases/download/v1.25.7/jc-1.25.7-linux-x86_64.tar.gz"

[[tools.lychee]]
version = "0.24.2"
backend = "aqua:lycheeverse/lychee"

[tools.lychee."platforms.linux-x64"]
checksum = "sha256:73657a111819a30c47c08352896796f23d64e4eb2b3ed39b6d32149241566fc5"
url = "https://github.com/lycheeverse/lychee/releases/download/lychee-v0.24.2/lychee-x86_64-unknown-linux-musl.tar.gz"

[tools.lychee."platforms.linux-x64-baseline"]
checksum = "sha256:73657a111819a30c47c08352896796f23d64e4eb2b3ed39b6d32149241566fc5"
url = "https://github.com/lycheeverse/lychee/releases/download/lychee-v0.24.2/lychee-x86_64-unknown-linux-musl.tar.gz"

[tools.lychee."platforms.linux-x64-musl"]
checksum = "sha256:73657a111819a30c47c08352896796f23d64e4eb2b3ed39b6d32149241566fc5"
url = "https://github.com/lycheeverse/lychee/releases/download/lychee-v0.24.2/lychee-x86_64-unknown-linux-musl.tar.gz"

[tools.lychee."platforms.linux-x64-musl-baseline"]
checksum = "sha256:73657a111819a30c47c08352896796f23d64e4eb2b3ed39b6d32149241566fc5"
url = "https://github.com/lycheeverse/lychee/releases/download/lychee-v0.24.2/lychee-x86_64-unknown-linux-musl.tar.gz"

[[tools.node]]
version = "26.4.0"
backend = "core:node"

[tools.node."platforms.linux-x64"]
checksum = "sha256:f221dab30d0e9d544332f06fbee2c62186c97d864d5cac8482dba34f1e38b8dc"
url = "https://nodejs.org/dist/v26.4.0/node-v26.4.0-linux-x64.tar.gz"

[tools.node."platforms.linux-x64-baseline"]
checksum = "sha256:f221dab30d0e9d544332f06fbee2c62186c97d864d5cac8482dba34f1e38b8dc"
url = "https://nodejs.org/dist/v26.4.0/node-v26.4.0-linux-x64.tar.gz"

[tools.node."platforms.linux-x64-musl"]
checksum = "sha256:554e960f6570bd3d1987f5170d8f2a373a21818581a8d307b697e7839988314a"
url = "https://unofficial-builds.nodejs.org/download/release/v26.4.0/node-v26.4.0-linux-x64-musl.tar.gz"

[tools.node."platforms.linux-x64-musl-baseline"]
checksum = "sha256:554e960f6570bd3d1987f5170d8f2a373a21818581a8d307b697e7839988314a"
url = "https://unofficial-builds.nodejs.org/download/release/v26.4.0/node-v26.4.0-linux-x64-musl.tar.gz"

[[tools."npm:typescript"]]
version = "7.0.1-rc"
backend = "npm:typescript"

[[tools.oxfmt]]
version = "0.52.0"
backend = "npm:oxfmt"

[[tools.oxlint]]
version = "1.62.0"
backend = "npm:oxlint"

[[tools.pinact]]
version = "4.1.0"
backend = "aqua:suzuki-shunsuke/pinact"

[tools.pinact."platforms.linux-x64"]
checksum = "sha256:8fcbf1b3e95551c82fd995535e3c1defa70e23299ce36eb3afd6c98778de6ca0"
url = "https://github.com/suzuki-shunsuke/pinact/releases/download/v4.1.0/pinact_linux_amd64.tar.gz"
provenance = "github-attestations"

[tools.pinact."platforms.linux-x64-baseline"]
checksum = "sha256:8fcbf1b3e95551c82fd995535e3c1defa70e23299ce36eb3afd6c98778de6ca0"
url = "https://github.com/suzuki-shunsuke/pinact/releases/download/v4.1.0/pinact_linux_amd64.tar.gz"
provenance = "github-attestations"

[tools.pinact."platforms.linux-x64-musl"]
checksum = "sha256:8fcbf1b3e95551c82fd995535e3c1defa70e23299ce36eb3afd6c98778de6ca0"
url = "https://github.com/suzuki-shunsuke/pinact/releases/download/v4.1.0/pinact_linux_amd64.tar.gz"
provenance = "github-attestations"

[tools.pinact."platforms.linux-x64-musl-baseline"]
checksum = "sha256:8fcbf1b3e95551c82fd995535e3c1defa70e23299ce36eb3afd6c98778de6ca0"
url = "https://github.com/suzuki-shunsuke/pinact/releases/download/v4.1.0/pinact_linux_amd64.tar.gz"
provenance = "github-attestations"

[[tools.powershell]]
version = "7.6.3"
backend = "aqua:PowerShell/PowerShell"

[tools.powershell."platforms.linux-x64"]
checksum = "sha256:856d0765d2332377f9d7a4aea76efdfde4de51446e7738dde2dfda41dba9e2a7"
url = "https://github.com/PowerShell/PowerShell/releases/download/v7.6.3/powershell-7.6.3-linux-x64.tar.gz"

[tools.powershell."platforms.linux-x64-baseline"]
checksum = "sha256:856d0765d2332377f9d7a4aea76efdfde4de51446e7738dde2dfda41dba9e2a7"
url = "https://github.com/PowerShell/PowerShell/releases/download/v7.6.3/powershell-7.6.3-linux-x64.tar.gz"

[tools.powershell."platforms.linux-x64-musl"]
checksum = "sha256:c2fdcdc95478f05ae9d62cf1c631451dcb98bb526d4ba0c0b675865a3d9b3589"
url = "https://github.com/PowerShell/PowerShell/releases/download/v7.6.3/powershell-7.6.3-linux-musl-x64.tar.gz"

[tools.powershell."platforms.linux-x64-musl-baseline"]
checksum = "sha256:c2fdcdc95478f05ae9d62cf1c631451dcb98bb526d4ba0c0b675865a3d9b3589"
url = "https://github.com/PowerShell/PowerShell/releases/download/v7.6.3/powershell-7.6.3-linux-musl-x64.tar.gz"

[[tools.rumdl]]
version = "v0.2.22"
backend = "aqua:rvben/rumdl"

[tools.rumdl."platforms.linux-x64"]
checksum = "sha256:adeb732a112dcf292c3e1a9fefb4f96acdb822b2fa6abadf325f963aa84ac150"
url = "https://github.com/rvben/rumdl/releases/download/v0.2.22/rumdl-v0.2.22-x86_64-unknown-linux-musl.tar.gz"
provenance = "github-attestations"

[tools.rumdl."platforms.linux-x64-baseline"]
checksum = "sha256:adeb732a112dcf292c3e1a9fefb4f96acdb822b2fa6abadf325f963aa84ac150"
url = "https://github.com/rvben/rumdl/releases/download/v0.2.22/rumdl-v0.2.22-x86_64-unknown-linux-musl.tar.gz"
provenance = "github-attestations"

[tools.rumdl."platforms.linux-x64-musl"]
checksum = "sha256:adeb732a112dcf292c3e1a9fefb4f96acdb822b2fa6abadf325f963aa84ac150"
url = "https://github.com/rvben/rumdl/releases/download/v0.2.22/rumdl-v0.2.22-x86_64-unknown-linux-musl.tar.gz"
provenance = "github-attestations"

[tools.rumdl."platforms.linux-x64-musl-baseline"]
checksum = "sha256:adeb732a112dcf292c3e1a9fefb4f96acdb822b2fa6abadf325f963aa84ac150"
url = "https://github.com/rvben/rumdl/releases/download/v0.2.22/rumdl-v0.2.22-x86_64-unknown-linux-musl.tar.gz"
provenance = "github-attestations"

[[tools.shellcheck]]
version = "0.11.0"
backend = "aqua:koalaman/shellcheck"

[tools.shellcheck."platforms.linux-x64"]
checksum = "sha256:8c3be12b05d5c177a04c29e3c78ce89ac86f1595681cab149b65b97c4e227198"
url = "https://github.com/koalaman/shellcheck/releases/download/v0.11.0/shellcheck-v0.11.0.linux.x86_64.tar.xz"

[tools.shellcheck."platforms.linux-x64-baseline"]
checksum = "sha256:8c3be12b05d5c177a04c29e3c78ce89ac86f1595681cab149b65b97c4e227198"
url = "https://github.com/koalaman/shellcheck/releases/download/v0.11.0/shellcheck-v0.11.0.linux.x86_64.tar.xz"

[tools.shellcheck."platforms.linux-x64-musl"]
checksum = "sha256:8c3be12b05d5c177a04c29e3c78ce89ac86f1595681cab149b65b97c4e227198"
url = "https://github.com/koalaman/shellcheck/releases/download/v0.11.0/shellcheck-v0.11.0.linux.x86_64.tar.xz"

[tools.shellcheck."platforms.linux-x64-musl-baseline"]
checksum = "sha256:8c3be12b05d5c177a04c29e3c78ce89ac86f1595681cab149b65b97c4e227198"
url = "https://github.com/koalaman/shellcheck/releases/download/v0.11.0/shellcheck-v0.11.0.linux.x86_64.tar.xz"

[[tools.shfmt]]
version = "3.13.1"
backend = "aqua:mvdan/sh"

[tools.shfmt."platforms.linux-x64"]
checksum = "sha256:fb096c5d1ac6beabbdbaa2874d025badb03ee07929f0c9ff67563ce8c75398b1"
url = "https://github.com/mvdan/sh/releases/download/v3.13.1/shfmt_v3.13.1_linux_amd64"

[tools.shfmt."platforms.linux-x64-baseline"]
checksum = "sha256:fb096c5d1ac6beabbdbaa2874d025badb03ee07929f0c9ff67563ce8c75398b1"
url = "https://github.com/mvdan/sh/releases/download/v3.13.1/shfmt_v3.13.1_linux_amd64"

[tools.shfmt."platforms.linux-x64-musl"]
checksum = "sha256:fb096c5d1ac6beabbdbaa2874d025badb03ee07929f0c9ff67563ce8c75398b1"
url = "https://github.com/mvdan/sh/releases/download/v3.13.1/shfmt_v3.13.1_linux_amd64"

[tools.shfmt."platforms.linux-x64-musl-baseline"]
checksum = "sha256:fb096c5d1ac6beabbdbaa2874d025badb03ee07929f0c9ff67563ce8c75398b1"
url = "https://github.com/mvdan/sh/releases/download/v3.13.1/shfmt_v3.13.1_linux_amd64"

[[tools.tombi]]
version = "1.1.5"
backend = "aqua:tombi-toml/tombi"

[tools.tombi."platforms.linux-x64"]
checksum = "sha256:533d47fe516468fa0abc245050dbc120fcbfa4399fdbfebe863758dc9d95f5fe"
url = "https://github.com/tombi-toml/tombi/releases/download/v1.1.5/tombi-cli-1.1.5-x86_64-unknown-linux-musl.tar.gz"

[tools.tombi."platforms.linux-x64-baseline"]
checksum = "sha256:533d47fe516468fa0abc245050dbc120fcbfa4399fdbfebe863758dc9d95f5fe"
url = "https://github.com/tombi-toml/tombi/releases/download/v1.1.5/tombi-cli-1.1.5-x86_64-unknown-linux-musl.tar.gz"

[tools.tombi."platforms.linux-x64-musl"]
checksum = "sha256:533d47fe516468fa0abc245050dbc120fcbfa4399fdbfebe863758dc9d95f5fe"
url = "https://github.com/tombi-toml/tombi/releases/download/v1.1.5/tombi-cli-1.1.5-x86_64-unknown-linux-musl.tar.gz"

[tools.tombi."platforms.linux-x64-musl-baseline"]
checksum = "sha256:533d47fe516468fa0abc245050dbc120fcbfa4399fdbfebe863758dc9d95f5fe"
url = "https://github.com/tombi-toml/tombi/releases/download/v1.1.5/tombi-cli-1.1.5-x86_64-unknown-linux-musl.tar.gz"

[[tools.typos]]
version = "1.47.2"
backend = "aqua:crate-ci/typos"

[tools.typos."platforms.linux-x64"]
checksum = "sha256:7aef58932fc123b4cf4b40d86468e89a3297d80169051d7cfd13a235e05fc426"
url = "https://github.com/crate-ci/typos/releases/download/v1.47.2/typos-v1.47.2-x86_64-unknown-linux-musl.tar.gz"

[tools.typos."platforms.linux-x64-baseline"]
checksum = "sha256:7aef58932fc123b4cf4b40d86468e89a3297d80169051d7cfd13a235e05fc426"
url = "https://github.com/crate-ci/typos/releases/download/v1.47.2/typos-v1.47.2-x86_64-unknown-linux-musl.tar.gz"

[tools.typos."platforms.linux-x64-musl"]
checksum = "sha256:7aef58932fc123b4cf4b40d86468e89a3297d80169051d7cfd13a235e05fc426"
url = "https://github.com/crate-ci/typos/releases/download/v1.47.2/typos-v1.47.2-x86_64-unknown-linux-musl.tar.gz"

[tools.typos."platforms.linux-x64-musl-baseline"]
checksum = "sha256:7aef58932fc123b4cf4b40d86468e89a3297d80169051d7cfd13a235e05fc426"
url = "https://github.com/crate-ci/typos/releases/download/v1.47.2/typos-v1.47.2-x86_64-unknown-linux-musl.tar.gz"

[[tools.uv]]
version = "0.11.24"
backend = "aqua:astral-sh/uv"

[tools.uv."platforms.linux-x64"]
checksum = "sha256:2f9eaa976cf8ad8574623dde6916fb87ec047524fe65b99dc11e44e33eae4bfb"
url = "https://github.com/astral-sh/uv/releases/download/0.11.24/uv-x86_64-unknown-linux-musl.tar.gz"
provenance = "github-attestations"

[tools.uv."platforms.linux-x64-baseline"]
checksum = "sha256:2f9eaa976cf8ad8574623dde6916fb87ec047524fe65b99dc11e44e33eae4bfb"
url = "https://github.com/astral-sh/uv/releases/download/0.11.24/uv-x86_64-unknown-linux-musl.tar.gz"
provenance = "github-attestations"

[tools.uv."platforms.linux-x64-musl"]
checksum = "sha256:2f9eaa976cf8ad8574623dde6916fb87ec047524fe65b99dc11e44e33eae4bfb"
url = "https://github.com/astral-sh/uv/releases/download/0.11.24/uv-x86_64-unknown-linux-musl.tar.gz"
provenance = "github-attestations"

[tools.uv."platforms.linux-x64-musl-baseline"]
checksum = "sha256:2f9eaa976cf8ad8574623dde6916fb87ec047524fe65b99dc11e44e33eae4bfb"
url = "https://github.com/astral-sh/uv/releases/download/0.11.24/uv-x86_64-unknown-linux-musl.tar.gz"
provenance = "github-attestations"

[[tools.yamlfmt]]
version = "0.21.0"
backend = "aqua:google/yamlfmt"

[tools.yamlfmt."platforms.linux-x64"]
checksum = "sha256:1f300d9257b232bb3b541d7fb1b0e6b3c121bcbab381c86cd38cb8722be8a566"
url = "https://github.com/google/yamlfmt/releases/download/v0.21.0/yamlfmt_0.21.0_Linux_x86_64.tar.gz"

[tools.yamlfmt."platforms.linux-x64-baseline"]
checksum = "sha256:1f300d9257b232bb3b541d7fb1b0e6b3c121bcbab381c86cd38cb8722be8a566"
url = "https://github.com/google/yamlfmt/releases/download/v0.21.0/yamlfmt_0.21.0_Linux_x86_64.tar.gz"

[tools.yamlfmt."platforms.linux-x64-musl"]
checksum = "sha256:1f300d9257b232bb3b541d7fb1b0e6b3c121bcbab381c86cd38cb8722be8a566"
url = "https://github.com/google/yamlfmt/releases/download/v0.21.0/yamlfmt_0.21.0_Linux_x86_64.tar.gz"

[tools.yamlfmt."platforms.linux-x64-musl-baseline"]
checksum = "sha256:1f300d9257b232bb3b541d7fb1b0e6b3c121bcbab381c86cd38cb8722be8a566"
url = "https://github.com/google/yamlfmt/releases/download/v0.21.0/yamlfmt_0.21.0_Linux_x86_64.tar.gz"

[[tools.yamllint]]
version = "1.38.0"
backend = "pipx:yamllint"

[[tools.zizmor]]
version = "1.26.1"
backend = "aqua:zizmorcore/zizmor"

[tools.zizmor."platforms.linux-x64"]
checksum = "sha256:8556289a64e7aaf2400cd516f61a471aa91c5902cc56ad96a82fd12f90c2ef73"
url = "https://github.com/zizmorcore/zizmor/releases/download/v1.26.1/zizmor-x86_64-unknown-linux-gnu.tar.gz"
provenance = "github-attestations"

[tools.zizmor."platforms.linux-x64-baseline"]
checksum = "sha256:8556289a64e7aaf2400cd516f61a471aa91c5902cc56ad96a82fd12f90c2ef73"
url = "https://github.com/zizmorcore/zizmor/releases/download/v1.26.1/zizmor-x86_64-unknown-linux-gnu.tar.gz"
provenance = "github-attestations"

[tools.zizmor."platforms.linux-x64-musl"]
provenance = "github-attestations"

[tools.zizmor."platforms.linux-x64-musl-baseline"]
provenance = "github-attestations"
