# @generated - this file is auto-generated by `mise lock` https://mise.en.dev/dev-tools/mise-lock.html

[[tools."aqua:mame/wsl2-ssh-agent"]]
version = "0.9.7"
backend = "aqua:mame/wsl2-ssh-agent"

[tools."aqua:mame/wsl2-ssh-agent"."platforms.linux-arm64"]
checksum = "sha256:e9cb0347a72ca68a511e48779080b80a22af1bf670e5a52c9f35f95951ce5221"
url = "https://github.com/mame/wsl2-ssh-agent/releases/download/v0.9.7/wsl2-ssh-agent-arm64"
url_api = "https://api.github.com/repos/mame/wsl2-ssh-agent/releases/assets/321133719"

[tools."aqua:mame/wsl2-ssh-agent"."platforms.linux-arm64-musl"]
checksum = "sha256:e9cb0347a72ca68a511e48779080b80a22af1bf670e5a52c9f35f95951ce5221"
url = "https://github.com/mame/wsl2-ssh-agent/releases/download/v0.9.7/wsl2-ssh-agent-arm64"
url_api = "https://api.github.com/repos/mame/wsl2-ssh-agent/releases/assets/321133719"

[tools."aqua:mame/wsl2-ssh-agent"."platforms.linux-x64"]
checksum = "sha256:281c64f6079598de1a455292d533f3ae21837980a3d3012074bc14ad695325d8"
url = "https://github.com/mame/wsl2-ssh-agent/releases/download/v0.9.7/wsl2-ssh-agent"
url_api = "https://api.github.com/repos/mame/wsl2-ssh-agent/releases/assets/321133717"

[tools."aqua:mame/wsl2-ssh-agent"."platforms.linux-x64-baseline"]
checksum = "sha256:281c64f6079598de1a455292d533f3ae21837980a3d3012074bc14ad695325d8"
url = "https://github.com/mame/wsl2-ssh-agent/releases/download/v0.9.7/wsl2-ssh-agent"
url_api = "https://api.github.com/repos/mame/wsl2-ssh-agent/releases/assets/321133717"

[tools."aqua:mame/wsl2-ssh-agent"."platforms.linux-x64-musl"]
checksum = "sha256:281c64f6079598de1a455292d533f3ae21837980a3d3012074bc14ad695325d8"
url = "https://github.com/mame/wsl2-ssh-agent/releases/download/v0.9.7/wsl2-ssh-agent"
url_api = "https://api.github.com/repos/mame/wsl2-ssh-agent/releases/assets/321133717"

[tools."aqua:mame/wsl2-ssh-agent"."platforms.linux-x64-musl-baseline"]
checksum = "sha256:281c64f6079598de1a455292d533f3ae21837980a3d3012074bc14ad695325d8"
url = "https://github.com/mame/wsl2-ssh-agent/releases/download/v0.9.7/wsl2-ssh-agent"
url_api = "https://api.github.com/repos/mame/wsl2-ssh-agent/releases/assets/321133717"

[[tools.bitwarden]]
version = "2026.8.0"
backend = "aqua:bitwarden/clients"

[tools.bitwarden."platforms.linux-arm64"]
checksum = "sha256:74d822a5dceda5896ed8fc07bc61925b29afd98d96a6a3e9e525ae556c3083a8"
url = "https://github.com/bitwarden/clients/releases/download/cli-v2026.8.0/bw-linux-arm64-2026.8.0.zip"
url_api = "https://api.github.com/repos/bitwarden/clients/releases/assets/522478224"

[tools.bitwarden."platforms.linux-arm64-musl"]
checksum = "sha256:74d822a5dceda5896ed8fc07bc61925b29afd98d96a6a3e9e525ae556c3083a8"
url = "https://github.com/bitwarden/clients/releases/download/cli-v2026.8.0/bw-linux-arm64-2026.8.0.zip"
url_api = "https://api.github.com/repos/bitwarden/clients/releases/assets/522478224"

[tools.bitwarden."platforms.linux-x64"]
checksum = "sha256:367f618e9fcccaac4980ec12c7bafd01df739b5f3cb1af31bc9045cf75eea1d6"
url = "https://github.com/bitwarden/clients/releases/download/cli-v2026.8.0/bw-linux-2026.8.0.zip"
url_api = "https://api.github.com/repos/bitwarden/clients/releases/assets/522478170"

[tools.bitwarden."platforms.linux-x64-baseline"]
checksum = "sha256:367f618e9fcccaac4980ec12c7bafd01df739b5f3cb1af31bc9045cf75eea1d6"
url = "https://github.com/bitwarden/clients/releases/download/cli-v2026.8.0/bw-linux-2026.8.0.zip"
url_api = "https://api.github.com/repos/bitwarden/clients/releases/assets/522478170"

[tools.bitwarden."platforms.linux-x64-musl"]
checksum = "sha256:367f618e9fcccaac4980ec12c7bafd01df739b5f3cb1af31bc9045cf75eea1d6"
url = "https://github.com/bitwarden/clients/releases/download/cli-v2026.8.0/bw-linux-2026.8.0.zip"
url_api = "https://api.github.com/repos/bitwarden/clients/releases/assets/522478170"

[tools.bitwarden."platforms.linux-x64-musl-baseline"]
checksum = "sha256:367f618e9fcccaac4980ec12c7bafd01df739b5f3cb1af31bc9045cf75eea1d6"
url = "https://github.com/bitwarden/clients/releases/download/cli-v2026.8.0/bw-linux-2026.8.0.zip"
url_api = "https://api.github.com/repos/bitwarden/clients/releases/assets/522478170"

[tools.bitwarden."platforms.macos-arm64"]
checksum = "sha256:73414942357644605eefd3f4afaf0b41b71772ad6574e8e3c72e0b6d237104c8"
url = "https://github.com/bitwarden/clients/releases/download/cli-v2026.8.0/bw-macos-arm64-2026.8.0.zip"
url_api = "https://api.github.com/repos/bitwarden/clients/releases/assets/522478010"

[tools.bitwarden."platforms.macos-x64"]
checksum = "sha256:c5d57f70d5394f8c348f6c3bf53683ad6d15e6acfe55e7c1e0a8f376482d8e71"
url = "https://github.com/bitwarden/clients/releases/download/cli-v2026.8.0/bw-macos-2026.8.0.zip"
url_api = "https://api.github.com/repos/bitwarden/clients/releases/assets/522477971"

[tools.bitwarden."platforms.macos-x64-baseline"]
checksum = "sha256:c5d57f70d5394f8c348f6c3bf53683ad6d15e6acfe55e7c1e0a8f376482d8e71"
url = "https://github.com/bitwarden/clients/releases/download/cli-v2026.8.0/bw-macos-2026.8.0.zip"
url_api = "https://api.github.com/repos/bitwarden/clients/releases/assets/522477971"

[[tools.copilot]]
version = "1.0.85"
backend = "aqua:github/copilot-cli"

[tools.copilot."platforms.linux-arm64"]
checksum = "sha256:31042001026a26bc1d04b05ec2fc9419f82a55c0f9ff2fa75c0fae608359bc70"
url = "https://github.com/github/copilot-cli/releases/download/v1.0.85/copilot-linux-arm64.tar.gz"
url_api = "https://api.github.com/repos/github/copilot-cli/releases/assets/567012512"

[tools.copilot."platforms.linux-arm64-musl"]
checksum = "sha256:31042001026a26bc1d04b05ec2fc9419f82a55c0f9ff2fa75c0fae608359bc70"
url = "https://github.com/github/copilot-cli/releases/download/v1.0.85/copilot-linux-arm64.tar.gz"
url_api = "https://api.github.com/repos/github/copilot-cli/releases/assets/567012512"

[tools.copilot."platforms.linux-x64"]
checksum = "sha256:6f235cea897645eef67e8f480e36a15b5d9c9f7a6165ebc9b6b1c28afc8bcdda"
url = "https://github.com/github/copilot-cli/releases/download/v1.0.85/copilot-linux-x64.tar.gz"
url_api = "https://api.github.com/repos/github/copilot-cli/releases/assets/567012597"

[tools.copilot."platforms.linux-x64-baseline"]
checksum = "sha256:6f235cea897645eef67e8f480e36a15b5d9c9f7a6165ebc9b6b1c28afc8bcdda"
url = "https://github.com/github/copilot-cli/releases/download/v1.0.85/copilot-linux-x64.tar.gz"
url_api = "https://api.github.com/repos/github/copilot-cli/releases/assets/567012597"

[tools.copilot."platforms.linux-x64-musl"]
checksum = "sha256:6f235cea897645eef67e8f480e36a15b5d9c9f7a6165ebc9b6b1c28afc8bcdda"
url = "https://github.com/github/copilot-cli/releases/download/v1.0.85/copilot-linux-x64.tar.gz"
url_api = "https://api.github.com/repos/github/copilot-cli/releases/assets/567012597"

[tools.copilot."platforms.linux-x64-musl-baseline"]
checksum = "sha256:6f235cea897645eef67e8f480e36a15b5d9c9f7a6165ebc9b6b1c28afc8bcdda"
url = "https://github.com/github/copilot-cli/releases/download/v1.0.85/copilot-linux-x64.tar.gz"
url_api = "https://api.github.com/repos/github/copilot-cli/releases/assets/567012597"

[tools.copilot."platforms.macos-arm64"]
checksum = "sha256:54b1cdb4d88cfe0806f13e1f70adc4e8ed7d3edcac38fe070475e29f553949aa"
url = "https://github.com/github/copilot-cli/releases/download/v1.0.85/copilot-darwin-arm64.tar.gz"
url_api = "https://api.github.com/repos/github/copilot-cli/releases/assets/567012510"

[tools.copilot."platforms.macos-x64"]
checksum = "sha256:c94d2a95d9c5716957a9e9dda0e722070c60c680c04b4745526225cc83ec5500"
url = "https://github.com/github/copilot-cli/releases/download/v1.0.85/copilot-darwin-x64.tar.gz"
url_api = "https://api.github.com/repos/github/copilot-cli/releases/assets/567012511"

[tools.copilot."platforms.macos-x64-baseline"]
checksum = "sha256:c94d2a95d9c5716957a9e9dda0e722070c60c680c04b4745526225cc83ec5500"
url = "https://github.com/github/copilot-cli/releases/download/v1.0.85/copilot-darwin-x64.tar.gz"
url_api = "https://api.github.com/repos/github/copilot-cli/releases/assets/567012511"

[[tools.cursor-agent]]
version = "2026.09.15-d2fe57e"
backend = "http:cursor-agent"

[tools.cursor-agent.options]
strip_components = "0"

[tools.cursor-agent."platforms.linux-arm64"]
url = "https://downloads.cursor.com/lab/2026.09.15-d2fe57e/linux/arm64/agent-cli-package.tar.gz"

[tools.cursor-agent."platforms.linux-arm64-musl"]
url = "https://downloads.cursor.com/lab/2026.09.15-d2fe57e/linux/arm64/agent-cli-package.tar.gz"

[tools.cursor-agent."platforms.linux-x64"]
url = "https://downloads.cursor.com/lab/2026.09.15-d2fe57e/linux/x64/agent-cli-package.tar.gz"

[tools.cursor-agent."platforms.linux-x64-baseline"]
url = "https://downloads.cursor.com/lab/2026.09.15-d2fe57e/linux/x64/agent-cli-package.tar.gz"

[tools.cursor-agent."platforms.linux-x64-musl"]
url = "https://downloads.cursor.com/lab/2026.09.15-d2fe57e/linux/x64/agent-cli-package.tar.gz"

[tools.cursor-agent."platforms.linux-x64-musl-baseline"]
url = "https://downloads.cursor.com/lab/2026.09.15-d2fe57e/linux/x64/agent-cli-package.tar.gz"

[tools.cursor-agent."platforms.macos-arm64"]
url = "https://downloads.cursor.com/lab/2026.09.15-d2fe57e/darwin/arm64/agent-cli-package.tar.gz"

[tools.cursor-agent."platforms.macos-x64"]
url = "https://downloads.cursor.com/lab/2026.09.15-d2fe57e/darwin/x64/agent-cli-package.tar.gz"

[tools.cursor-agent."platforms.macos-x64-baseline"]
url = "https://downloads.cursor.com/lab/2026.09.15-d2fe57e/darwin/x64/agent-cli-package.tar.gz"

[[tools.gcloud]]
version = "585.0.0"
backend = "vfox:mise-plugins/vfox-gcloud"

[tools.gcloud."platforms.linux-arm64"]
url = "https://storage.googleapis.com/cloud-sdk-release/google-cloud-sdk-585.0.0-linux-arm.tar.gz"

[tools.gcloud."platforms.linux-arm64-musl"]
url = "https://storage.googleapis.com/cloud-sdk-release/google-cloud-sdk-585.0.0-linux-arm.tar.gz"

[tools.gcloud."platforms.linux-x64"]
url = "https://storage.googleapis.com/cloud-sdk-release/google-cloud-sdk-585.0.0-linux-x86_64.tar.gz"

[tools.gcloud."platforms.linux-x64-baseline"]
url = "https://storage.googleapis.com/cloud-sdk-release/google-cloud-sdk-585.0.0-linux-x86_64.tar.gz"

[tools.gcloud."platforms.linux-x64-musl"]
url = "https://storage.googleapis.com/cloud-sdk-release/google-cloud-sdk-585.0.0-linux-x86_64.tar.gz"

[tools.gcloud."platforms.linux-x64-musl-baseline"]
url = "https://storage.googleapis.com/cloud-sdk-release/google-cloud-sdk-585.0.0-linux-x86_64.tar.gz"

[tools.gcloud."platforms.macos-arm64"]
url = "https://storage.googleapis.com/cloud-sdk-release/google-cloud-sdk-585.0.0-darwin-arm.tar.gz"

[tools.gcloud."platforms.macos-x64"]
url = "https://storage.googleapis.com/cloud-sdk-release/google-cloud-sdk-585.0.0-darwin-x86_64.tar.gz"

[tools.gcloud."platforms.macos-x64-baseline"]
url = "https://storage.googleapis.com/cloud-sdk-release/google-cloud-sdk-585.0.0-darwin-x86_64.tar.gz"

[[tools."github:risu729/biwa"]]
version = "1.0.0"
backend = "github:risu729/biwa"

[tools."github:risu729/biwa"."platforms.linux-arm64"]
checksum = "sha256:3b94bb3bd607448272fcfe62b785b3cabf567080edda52a532fa53e75001737a"
url = "https://github.com/risu729/biwa/releases/download/v1.0.0/biwa-aarch64-unknown-linux-gnu.tar.xz"
url_api = "https://api.github.com/repos/risu729/biwa/releases/assets/487502160"
provenance = "github-attestations"

[tools."github:risu729/biwa"."platforms.linux-arm64-musl"]
checksum = "sha256:3b94bb3bd607448272fcfe62b785b3cabf567080edda52a532fa53e75001737a"
url = "https://github.com/risu729/biwa/releases/download/v1.0.0/biwa-aarch64-unknown-linux-gnu.tar.xz"
url_api = "https://api.github.com/repos/risu729/biwa/releases/assets/487502160"
provenance = "github-attestations"

[tools."github:risu729/biwa"."platforms.linux-x64"]
checksum = "sha256:a9027c23858f9879868d43e9957ea70fb16c0dc7925ede5eeeadeafd6eea157b"
url = "https://github.com/risu729/biwa/releases/download/v1.0.0/biwa-x86_64-unknown-linux-gnu.tar.xz"
url_api = "https://api.github.com/repos/risu729/biwa/releases/assets/487502172"
provenance = "github-attestations"
provenance_verified = true

[tools."github:risu729/biwa"."platforms.linux-x64-baseline"]
checksum = "sha256:a9027c23858f9879868d43e9957ea70fb16c0dc7925ede5eeeadeafd6eea157b"
url = "https://github.com/risu729/biwa/releases/download/v1.0.0/biwa-x86_64-unknown-linux-gnu.tar.xz"
url_api = "https://api.github.com/repos/risu729/biwa/releases/assets/487502172"
provenance = "github-attestations"

[tools."github:risu729/biwa"."platforms.linux-x64-musl"]
checksum = "sha256:a2d765b9610306e79896ebd14c0153b5cec52ce48982647896501495ab5888a4"
url = "https://github.com/risu729/biwa/releases/download/v1.0.0/biwa-x86_64-unknown-linux-musl.tar.xz"
url_api = "https://api.github.com/repos/risu729/biwa/releases/assets/487502174"
provenance = "github-attestations"

[tools."github:risu729/biwa"."platforms.linux-x64-musl-baseline"]
checksum = "sha256:a2d765b9610306e79896ebd14c0153b5cec52ce48982647896501495ab5888a4"
url = "https://github.com/risu729/biwa/releases/download/v1.0.0/biwa-x86_64-unknown-linux-musl.tar.xz"
url_api = "https://api.github.com/repos/risu729/biwa/releases/assets/487502174"
provenance = "github-attestations"

[tools."github:risu729/biwa"."platforms.macos-arm64"]
checksum = "sha256:dd6f2dd4e85c3035f541bc2cc3a4995d25b65f0fe883ee0d01db389019ab6248"
url = "https://github.com/risu729/biwa/releases/download/v1.0.0/biwa-aarch64-apple-darwin.tar.xz"
url_api = "https://api.github.com/repos/risu729/biwa/releases/assets/487502157"
provenance = "github-attestations"

[tools."github:risu729/biwa"."platforms.macos-x64"]
checksum = "sha256:27b9a01b745064d5aca0a8f45eafa174b4be0291577249de66f88668fa7751e5"
url = "https://github.com/risu729/biwa/releases/download/v1.0.0/source.tar.gz"
url_api = "https://api.github.com/repos/risu729/biwa/releases/assets/487502183"
provenance = "github-attestations"

[tools."github:risu729/biwa"."platforms.macos-x64-baseline"]
checksum = "sha256:27b9a01b745064d5aca0a8f45eafa174b4be0291577249de66f88668fa7751e5"
url = "https://github.com/risu729/biwa/releases/download/v1.0.0/source.tar.gz"
url_api = "https://api.github.com/repos/risu729/biwa/releases/assets/487502183"
provenance = "github-attestations"

[[tools."github:risu729/kuebiko"]]
version = "1.3.8"
backend = "github:risu729/kuebiko"

[tools."github:risu729/kuebiko"."platforms.linux-x64"]
checksum = "sha256:0c3814d9267c842afc870b418fd2e804de634d7e7803914c0e19c99e10c44bd7"
url = "https://github.com/risu729/kuebiko/releases/download/v1.3.8/kuebiko-v1.3.8-linux-x64.tar.gz"
url_api = "https://api.github.com/repos/risu729/kuebiko/releases/assets/569090124"
provenance = "github-attestations"

[tools."github:risu729/kuebiko"."platforms.linux-x64-baseline"]
checksum = "sha256:0c3814d9267c842afc870b418fd2e804de634d7e7803914c0e19c99e10c44bd7"
url = "https://github.com/risu729/kuebiko/releases/download/v1.3.8/kuebiko-v1.3.8-linux-x64.tar.gz"
url_api = "https://api.github.com/repos/risu729/kuebiko/releases/assets/569090124"
provenance = "github-attestations"

[tools."github:risu729/kuebiko"."platforms.linux-x64-musl"]
checksum = "sha256:0c3814d9267c842afc870b418fd2e804de634d7e7803914c0e19c99e10c44bd7"
url = "https://github.com/risu729/kuebiko/releases/download/v1.3.8/kuebiko-v1.3.8-linux-x64.tar.gz"
url_api = "https://api.github.com/repos/risu729/kuebiko/releases/assets/569090124"
provenance = "github-attestations"

[tools."github:risu729/kuebiko"."platforms.linux-x64-musl-baseline"]
checksum = "sha256:0c3814d9267c842afc870b418fd2e804de634d7e7803914c0e19c99e10c44bd7"
url = "https://github.com/risu729/kuebiko/releases/download/v1.3.8/kuebiko-v1.3.8-linux-x64.tar.gz"
url_api = "https://api.github.com/repos/risu729/kuebiko/releases/assets/569090124"
provenance = "github-attestations"

[tools."github:risu729/kuebiko"."platforms.macos-arm64"]
checksum = "sha256:c019f38830d9a250ac17d62a544abeb67dc853d4167517e0af0fc3c4fb0863c4"
url = "https://github.com/risu729/kuebiko/releases/download/v1.3.8/kuebiko-v1.3.8-macos-arm64.tar.gz"
url_api = "https://api.github.com/repos/risu729/kuebiko/releases/assets/569090106"
provenance = "github-attestations"

[[tools."github:risu729/mikoto"]]
version = "1.0.44"
backend = "github:risu729/mikoto"

[tools."github:risu729/mikoto"."platforms.linux-x64"]
checksum = "sha256:bef23487f0c50e6d9b0355214777752784956b3527a24f0d9e9ca2e2d9b907b0"
url = "https://github.com/risu729/mikoto/releases/download/v1.0.44/mikoto-v1.0.44-linux-x64.tar.gz"
url_api = "https://api.github.com/repos/risu729/mikoto/releases/assets/560307213"
provenance = "github-attestations"

[tools."github:risu729/mikoto"."platforms.linux-x64-baseline"]
checksum = "sha256:bef23487f0c50e6d9b0355214777752784956b3527a24f0d9e9ca2e2d9b907b0"
url = "https://github.com/risu729/mikoto/releases/download/v1.0.44/mikoto-v1.0.44-linux-x64.tar.gz"
url_api = "https://api.github.com/repos/risu729/mikoto/releases/assets/560307213"
provenance = "github-attestations"

[tools."github:risu729/mikoto"."platforms.linux-x64-musl"]
checksum = "sha256:bef23487f0c50e6d9b0355214777752784956b3527a24f0d9e9ca2e2d9b907b0"
url = "https://github.com/risu729/mikoto/releases/download/v1.0.44/mikoto-v1.0.44-linux-x64.tar.gz"
url_api = "https://api.github.com/repos/risu729/mikoto/releases/assets/560307213"
provenance = "github-attestations"

[tools."github:risu729/mikoto"."platforms.linux-x64-musl-baseline"]
checksum = "sha256:bef23487f0c50e6d9b0355214777752784956b3527a24f0d9e9ca2e2d9b907b0"
url = "https://github.com/risu729/mikoto/releases/download/v1.0.44/mikoto-v1.0.44-linux-x64.tar.gz"
url_api = "https://api.github.com/repos/risu729/mikoto/releases/assets/560307213"
provenance = "github-attestations"

[tools."github:risu729/mikoto"."platforms.macos-arm64"]
checksum = "sha256:76c0868bb832cb4a8fd92d24dfc91adba966274e760811545ba316abedfb33db"
url = "https://github.com/risu729/mikoto/releases/download/v1.0.44/mikoto-v1.0.44-macos-arm64.tar.gz"
url_api = "https://api.github.com/repos/risu729/mikoto/releases/assets/560307194"
provenance = "github-attestations"

[[tools.glab]]
version = "1.118.0"
backend = "gitlab:gitlab-org/cli"

[tools.glab."platforms.linux-arm64"]
checksum = "sha256:0f6171766dd7f8246b7ce85bab18bd99d57ce2538e0ec9121c48fe004308eac4"
url = "https://gitlab.com/gitlab-org/cli/-/releases/v1.118.0/downloads/glab_1.118.0_linux_arm64.tar.gz"
url_api = "https://gitlab.com/api/v4/projects/gitlab-org%2Fcli/packages/generic/glab/1%2E118%2E0/glab_1%2E118%2E0_linux_arm64%2Etar%2Egz"

[tools.glab."platforms.linux-arm64-musl"]
checksum = "sha256:0f6171766dd7f8246b7ce85bab18bd99d57ce2538e0ec9121c48fe004308eac4"
url = "https://gitlab.com/gitlab-org/cli/-/releases/v1.118.0/downloads/glab_1.118.0_linux_arm64.tar.gz"
url_api = "https://gitlab.com/api/v4/projects/gitlab-org%2Fcli/packages/generic/glab/1%2E118%2E0/glab_1%2E118%2E0_linux_arm64%2Etar%2Egz"

[tools.glab."platforms.linux-x64"]
checksum = "sha256:f3782ddb62b6ab20d0031699ea7b43f345dc6f63e991883660e21343b9524931"
url = "https://gitlab.com/gitlab-org/cli/-/releases/v1.118.0/downloads/glab_1.118.0_linux_amd64.tar.gz"
url_api = "https://gitlab.com/api/v4/projects/gitlab-org%2Fcli/packages/generic/glab/1%2E118%2E0/glab_1%2E118%2E0_linux_amd64%2Etar%2Egz"

[tools.glab."platforms.linux-x64-baseline"]
checksum = "sha256:f3782ddb62b6ab20d0031699ea7b43f345dc6f63e991883660e21343b9524931"
url = "https://gitlab.com/gitlab-org/cli/-/releases/v1.118.0/downloads/glab_1.118.0_linux_amd64.tar.gz"
url_api = "https://gitlab.com/api/v4/projects/gitlab-org%2Fcli/packages/generic/glab/1%2E118%2E0/glab_1%2E118%2E0_linux_amd64%2Etar%2Egz"

[tools.glab."platforms.linux-x64-musl"]
checksum = "sha256:f3782ddb62b6ab20d0031699ea7b43f345dc6f63e991883660e21343b9524931"
url = "https://gitlab.com/gitlab-org/cli/-/releases/v1.118.0/downloads/glab_1.118.0_linux_amd64.tar.gz"
url_api = "https://gitlab.com/api/v4/projects/gitlab-org%2Fcli/packages/generic/glab/1%2E118%2E0/glab_1%2E118%2E0_linux_amd64%2Etar%2Egz"

[tools.glab."platforms.linux-x64-musl-baseline"]
checksum = "sha256:f3782ddb62b6ab20d0031699ea7b43f345dc6f63e991883660e21343b9524931"
url = "https://gitlab.com/gitlab-org/cli/-/releases/v1.118.0/downloads/glab_1.118.0_linux_amd64.tar.gz"
url_api = "https://gitlab.com/api/v4/projects/gitlab-org%2Fcli/packages/generic/glab/1%2E118%2E0/glab_1%2E118%2E0_linux_amd64%2Etar%2Egz"

[tools.glab."platforms.macos-arm64"]
checksum = "sha256:d289e2ba48f85cc0639cb77e4ea78c14d222d099e8d545c7bb687ba779255f47"
url = "https://gitlab.com/gitlab-org/cli/-/releases/v1.118.0/downloads/glab_1.118.0_darwin_arm64.tar.gz"
url_api = "https://gitlab.com/api/v4/projects/gitlab-org%2Fcli/packages/generic/glab/1%2E118%2E0/glab_1%2E118%2E0_darwin_arm64%2Etar%2Egz"

[tools.glab."platforms.macos-x64"]
checksum = "sha256:4807060de413264c69a36d5829e186918f58c5dcc8b884d75624b7052a5814ba"
url = "https://gitlab.com/gitlab-org/cli/-/releases/v1.118.0/downloads/glab_1.118.0_darwin_amd64.tar.gz"
url_api = "https://gitlab.com/api/v4/projects/gitlab-org%2Fcli/packages/generic/glab/1%2E118%2E0/glab_1%2E118%2E0_darwin_amd64%2Etar%2Egz"

[tools.glab."platforms.macos-x64-baseline"]
checksum = "sha256:4807060de413264c69a36d5829e186918f58c5dcc8b884d75624b7052a5814ba"
url = "https://gitlab.com/gitlab-org/cli/-/releases/v1.118.0/downloads/glab_1.118.0_darwin_amd64.tar.gz"
url_api = "https://gitlab.com/api/v4/projects/gitlab-org%2Fcli/packages/generic/glab/1%2E118%2E0/glab_1%2E118%2E0_darwin_amd64%2Etar%2Egz"

[[tools.kubecolor]]
version = "0.7.1"
backend = "aqua:kubecolor/kubecolor"

[tools.kubecolor."platforms.linux-arm64"]
checksum = "sha256:53cefaa296faea812bf27ab7ba4ab128794236b81db9c4f64d8530a877f4d575"
url = "https://github.com/kubecolor/kubecolor/releases/download/v0.7.1/kubecolor_0.7.1_linux_arm64.tar.gz"
url_api = "https://api.github.com/repos/kubecolor/kubecolor/releases/assets/529496998"
provenance = "github-attestations"

[tools.kubecolor."platforms.linux-arm64-musl"]
checksum = "sha256:53cefaa296faea812bf27ab7ba4ab128794236b81db9c4f64d8530a877f4d575"
url = "https://github.com/kubecolor/kubecolor/releases/download/v0.7.1/kubecolor_0.7.1_linux_arm64.tar.gz"
url_api = "https://api.github.com/repos/kubecolor/kubecolor/releases/assets/529496998"
provenance = "github-attestations"

[tools.kubecolor."platforms.linux-x64"]
checksum = "sha256:b9d27d699e98fee23707b57e79d36de753de15d125ddc16b0f301b44732c00b5"
url = "https://github.com/kubecolor/kubecolor/releases/download/v0.7.1/kubecolor_0.7.1_linux_amd64.tar.gz"
url_api = "https://api.github.com/repos/kubecolor/kubecolor/releases/assets/529496990"
provenance = "github-attestations"

[tools.kubecolor."platforms.linux-x64-baseline"]
checksum = "sha256:b9d27d699e98fee23707b57e79d36de753de15d125ddc16b0f301b44732c00b5"
url = "https://github.com/kubecolor/kubecolor/releases/download/v0.7.1/kubecolor_0.7.1_linux_amd64.tar.gz"
url_api = "https://api.github.com/repos/kubecolor/kubecolor/releases/assets/529496990"
provenance = "github-attestations"

[tools.kubecolor."platforms.linux-x64-musl"]
checksum = "sha256:b9d27d699e98fee23707b57e79d36de753de15d125ddc16b0f301b44732c00b5"
url = "https://github.com/kubecolor/kubecolor/releases/download/v0.7.1/kubecolor_0.7.1_linux_amd64.tar.gz"
url_api = "https://api.github.com/repos/kubecolor/kubecolor/releases/assets/529496990"
provenance = "github-attestations"

[tools.kubecolor."platforms.linux-x64-musl-baseline"]
checksum = "sha256:b9d27d699e98fee23707b57e79d36de753de15d125ddc16b0f301b44732c00b5"
url = "https://github.com/kubecolor/kubecolor/releases/download/v0.7.1/kubecolor_0.7.1_linux_amd64.tar.gz"
url_api = "https://api.github.com/repos/kubecolor/kubecolor/releases/assets/529496990"
provenance = "github-attestations"

[tools.kubecolor."platforms.macos-arm64"]
checksum = "sha256:acc821f20cab88c86da39f5875b7e785e86648ae7f1787b93cda3392c3e979ef"
url = "https://github.com/kubecolor/kubecolor/releases/download/v0.7.1/kubecolor_0.7.1_darwin_arm64.tar.gz"
url_api = "https://api.github.com/repos/kubecolor/kubecolor/releases/assets/529496975"
provenance = "github-attestations"

[tools.kubecolor."platforms.macos-x64"]
checksum = "sha256:87d25635983a602ebe389a53581aabed1cdee7bf5642d6367ac76782f5713007"
url = "https://github.com/kubecolor/kubecolor/releases/download/v0.7.1/kubecolor_0.7.1_darwin_amd64.tar.gz"
url_api = "https://api.github.com/repos/kubecolor/kubecolor/releases/assets/529496973"
provenance = "github-attestations"

[tools.kubecolor."platforms.macos-x64-baseline"]
checksum = "sha256:87d25635983a602ebe389a53581aabed1cdee7bf5642d6367ac76782f5713007"
url = "https://github.com/kubecolor/kubecolor/releases/download/v0.7.1/kubecolor_0.7.1_darwin_amd64.tar.gz"
url_api = "https://api.github.com/repos/kubecolor/kubecolor/releases/assets/529496973"
provenance = "github-attestations"

[[tools.kubectl]]
version = "1.37.0"
backend = "aqua:kubernetes/kubernetes/kubectl"

[tools.kubectl."platforms.linux-arm64"]
checksum = "sha256:922df28df248cc00a9e025f947704f1d1482de64ece54cfe57e61f19eaf1eef3"
url = "https://dl.k8s.io/v1.37.0/bin/linux/arm64/kubectl"

[tools.kubectl."platforms.linux-arm64-musl"]
checksum = "sha256:922df28df248cc00a9e025f947704f1d1482de64ece54cfe57e61f19eaf1eef3"
url = "https://dl.k8s.io/v1.37.0/bin/linux/arm64/kubectl"

[tools.kubectl."platforms.linux-x64"]
checksum = "sha256:6129359f4e1f3848a5572ccb0b26cf28b8ca08cef38c95a765b2f64a2c961a2f"
url = "https://dl.k8s.io/v1.37.0/bin/linux/amd64/kubectl"

[tools.kubectl."platforms.linux-x64-baseline"]
checksum = "sha256:6129359f4e1f3848a5572ccb0b26cf28b8ca08cef38c95a765b2f64a2c961a2f"
url = "https://dl.k8s.io/v1.37.0/bin/linux/amd64/kubectl"

[tools.kubectl."platforms.linux-x64-musl"]
checksum = "sha256:6129359f4e1f3848a5572ccb0b26cf28b8ca08cef38c95a765b2f64a2c961a2f"
url = "https://dl.k8s.io/v1.37.0/bin/linux/amd64/kubectl"

[tools.kubectl."platforms.linux-x64-musl-baseline"]
checksum = "sha256:6129359f4e1f3848a5572ccb0b26cf28b8ca08cef38c95a765b2f64a2c961a2f"
url = "https://dl.k8s.io/v1.37.0/bin/linux/amd64/kubectl"

[tools.kubectl."platforms.macos-arm64"]
checksum = "sha256:583beedaebe422e71d3f1a96acef8b1fef86ea2f09a45ad01aa6c9ce287c1380"
url = "https://dl.k8s.io/v1.37.0/bin/darwin/arm64/kubectl"

[tools.kubectl."platforms.macos-x64"]
checksum = "sha256:d5276c0f4fde77fc446070290f345944a7f1fda153df6b960e5fde93b7a9bccd"
url = "https://dl.k8s.io/v1.37.0/bin/darwin/amd64/kubectl"

[tools.kubectl."platforms.macos-x64-baseline"]
checksum = "sha256:d5276c0f4fde77fc446070290f345944a7f1fda153df6b960e5fde93b7a9bccd"
url = "https://dl.k8s.io/v1.37.0/bin/darwin/amd64/kubectl"

[[tools.kubectx]]
version = "0.11.0"
backend = "aqua:ahmetb/kubectx"

[tools.kubectx."platforms.linux-arm64"]
checksum = "sha256:1dac2072216689e773325cb7587b858ea7415706ebcf04e23bf80e7e70555340"
url = "https://github.com/ahmetb/kubectx/releases/download/v0.11.0/kubectx_v0.11.0_linux_arm64.tar.gz"
url_api = "https://api.github.com/repos/ahmetb/kubectx/releases/assets/382590945"

[tools.kubectx."platforms.linux-arm64-musl"]
checksum = "sha256:1dac2072216689e773325cb7587b858ea7415706ebcf04e23bf80e7e70555340"
url = "https://github.com/ahmetb/kubectx/releases/download/v0.11.0/kubectx_v0.11.0_linux_arm64.tar.gz"
url_api = "https://api.github.com/repos/ahmetb/kubectx/releases/assets/382590945"

[tools.kubectx."platforms.linux-x64"]
checksum = "sha256:08e031c54fbffb3f100e904e4eae94bba2730fedf4869921fda79e4d7a8f5d4c"
url = "https://github.com/ahmetb/kubectx/releases/download/v0.11.0/kubectx_v0.11.0_linux_x86_64.tar.gz"
url_api = "https://api.github.com/repos/ahmetb/kubectx/releases/assets/382590978"

[tools.kubectx."platforms.linux-x64-baseline"]
checksum = "sha256:08e031c54fbffb3f100e904e4eae94bba2730fedf4869921fda79e4d7a8f5d4c"
url = "https://github.com/ahmetb/kubectx/releases/download/v0.11.0/kubectx_v0.11.0_linux_x86_64.tar.gz"
url_api = "https://api.github.com/repos/ahmetb/kubectx/releases/assets/382590978"

[tools.kubectx."platforms.linux-x64-musl"]
checksum = "sha256:08e031c54fbffb3f100e904e4eae94bba2730fedf4869921fda79e4d7a8f5d4c"
url = "https://github.com/ahmetb/kubectx/releases/download/v0.11.0/kubectx_v0.11.0_linux_x86_64.tar.gz"
url_api = "https://api.github.com/repos/ahmetb/kubectx/releases/assets/382590978"

[tools.kubectx."platforms.linux-x64-musl-baseline"]
checksum = "sha256:08e031c54fbffb3f100e904e4eae94bba2730fedf4869921fda79e4d7a8f5d4c"
url = "https://github.com/ahmetb/kubectx/releases/download/v0.11.0/kubectx_v0.11.0_linux_x86_64.tar.gz"
url_api = "https://api.github.com/repos/ahmetb/kubectx/releases/assets/382590978"

[tools.kubectx."platforms.macos-arm64"]
checksum = "sha256:b8c9b5150ca6d902474a115cf7e535831081b9ae10cbe561ea36c82bb3823d02"
url = "https://github.com/ahmetb/kubectx/releases/download/v0.11.0/kubectx_v0.11.0_darwin_arm64.tar.gz"
url_api = "https://api.github.com/repos/ahmetb/kubectx/releases/assets/382590921"

[tools.kubectx."platforms.macos-x64"]
checksum = "sha256:80097893b478c55be51ffe826c172f0fd5095d23cca02adbcbcabc412700a689"
url = "https://github.com/ahmetb/kubectx/releases/download/v0.11.0/kubectx_v0.11.0_darwin_x86_64.tar.gz"
url_api = "https://api.github.com/repos/ahmetb/kubectx/releases/assets/382590964"

[tools.kubectx."platforms.macos-x64-baseline"]
checksum = "sha256:80097893b478c55be51ffe826c172f0fd5095d23cca02adbcbcabc412700a689"
url = "https://github.com/ahmetb/kubectx/releases/download/v0.11.0/kubectx_v0.11.0_darwin_x86_64.tar.gz"
url_api = "https://api.github.com/repos/ahmetb/kubectx/releases/assets/382590964"

[[tools.kubeseal]]
version = "0.40.0"
backend = "aqua:bitnami-labs/sealed-secrets"

[tools.kubeseal."platforms.linux-arm64"]
checksum = "sha256:d82f01e9226d194ca7ebc13e3619edefd596b5b433582bcec3d5a8e8b1a03123"
url = "https://github.com/bitnami/sealed-secrets/releases/download/v0.40.0/kubeseal-0.40.0-linux-arm64.tar.gz"
url_api = "https://api.github.com/repos/bitnami/sealed-secrets/releases/assets/555346329"

[tools.kubeseal."platforms.linux-arm64-musl"]
checksum = "sha256:d82f01e9226d194ca7ebc13e3619edefd596b5b433582bcec3d5a8e8b1a03123"
url = "https://github.com/bitnami/sealed-secrets/releases/download/v0.40.0/kubeseal-0.40.0-linux-arm64.tar.gz"
url_api = "https://api.github.com/repos/bitnami/sealed-secrets/releases/assets/555346329"

[tools.kubeseal."platforms.linux-x64"]
checksum = "sha256:9314c35916646e9d59c8f06b1314574b4e79c4d76f079433607ed7b697bb5eb7"
url = "https://github.com/bitnami/sealed-secrets/releases/download/v0.40.0/kubeseal-0.40.0-linux-amd64.tar.gz"
url_api = "https://api.github.com/repos/bitnami/sealed-secrets/releases/assets/555346331"

[tools.kubeseal."platforms.linux-x64-baseline"]
checksum = "sha256:9314c35916646e9d59c8f06b1314574b4e79c4d76f079433607ed7b697bb5eb7"
url = "https://github.com/bitnami/sealed-secrets/releases/download/v0.40.0/kubeseal-0.40.0-linux-amd64.tar.gz"
url_api = "https://api.github.com/repos/bitnami/sealed-secrets/releases/assets/555346331"

[tools.kubeseal."platforms.linux-x64-musl"]
checksum = "sha256:9314c35916646e9d59c8f06b1314574b4e79c4d76f079433607ed7b697bb5eb7"
url = "https://github.com/bitnami/sealed-secrets/releases/download/v0.40.0/kubeseal-0.40.0-linux-amd64.tar.gz"
url_api = "https://api.github.com/repos/bitnami/sealed-secrets/releases/assets/555346331"

[tools.kubeseal."platforms.linux-x64-musl-baseline"]
checksum = "sha256:9314c35916646e9d59c8f06b1314574b4e79c4d76f079433607ed7b697bb5eb7"
url = "https://github.com/bitnami/sealed-secrets/releases/download/v0.40.0/kubeseal-0.40.0-linux-amd64.tar.gz"
url_api = "https://api.github.com/repos/bitnami/sealed-secrets/releases/assets/555346331"

[tools.kubeseal."platforms.macos-arm64"]
checksum = "sha256:ec8a34b19ff8f1c1dee6fa09e13111b3007aa9ad08de1da28bd65cdc1eaecf93"
url = "https://github.com/bitnami/sealed-secrets/releases/download/v0.40.0/kubeseal-0.40.0-darwin-arm64.tar.gz"
url_api = "https://api.github.com/repos/bitnami/sealed-secrets/releases/assets/555346330"

[tools.kubeseal."platforms.macos-x64"]
checksum = "sha256:e165574e647029a562de2471caff444e06b33119f9546679e69492cdc3c6137f"
url = "https://github.com/bitnami/sealed-secrets/releases/download/v0.40.0/kubeseal-0.40.0-darwin-amd64.tar.gz"
url_api = "https://api.github.com/repos/bitnami/sealed-secrets/releases/assets/555346387"

[tools.kubeseal."platforms.macos-x64-baseline"]
checksum = "sha256:e165574e647029a562de2471caff444e06b33119f9546679e69492cdc3c6137f"
url = "https://github.com/bitnami/sealed-secrets/releases/download/v0.40.0/kubeseal-0.40.0-darwin-amd64.tar.gz"
url_api = "https://api.github.com/repos/bitnami/sealed-secrets/releases/assets/555346387"

[[tools.mitmproxy]]
version = "12.2.3"
backend = "pipx:mitmproxy"

[[tools."npm:resend-cli"]]
version = "2.21.0"
backend = "npm:resend-cli"

[tools."npm:resend-cli".options]
allow_builds = '["esbuild"]'
trust_policy_excludes = '["resend@>=6.18.1"]'

[[tools.typst]]
version = "0.15.1"
backend = "aqua:typst/typst"

[tools.typst."platforms.linux-arm64"]
checksum = "sha256:5aa8d74a3d906e60ea12a66ac2f37f8eef1b14cbad7182a745e393a10c23dcee"
url = "https://github.com/typst/typst/releases/download/v0.15.1/typst-aarch64-unknown-linux-musl.tar.xz"
url_api = "https://api.github.com/repos/typst/typst/releases/assets/480300408"

[tools.typst."platforms.linux-arm64-musl"]
checksum = "sha256:5aa8d74a3d906e60ea12a66ac2f37f8eef1b14cbad7182a745e393a10c23dcee"
url = "https://github.com/typst/typst/releases/download/v0.15.1/typst-aarch64-unknown-linux-musl.tar.xz"
url_api = "https://api.github.com/repos/typst/typst/releases/assets/480300408"

[tools.typst."platforms.linux-x64"]
checksum = "sha256:a6d077d0a95eed5a2eba715b2dae06be954f624ccbf85758a03f389ded33118c"
url = "https://github.com/typst/typst/releases/download/v0.15.1/typst-x86_64-unknown-linux-musl.tar.xz"
url_api = "https://api.github.com/repos/typst/typst/releases/assets/480300761"

[tools.typst."platforms.linux-x64-baseline"]
checksum = "sha256:a6d077d0a95eed5a2eba715b2dae06be954f624ccbf85758a03f389ded33118c"
url = "https://github.com/typst/typst/releases/download/v0.15.1/typst-x86_64-unknown-linux-musl.tar.xz"
url_api = "https://api.github.com/repos/typst/typst/releases/assets/480300761"

[tools.typst."platforms.linux-x64-musl"]
checksum = "sha256:a6d077d0a95eed5a2eba715b2dae06be954f624ccbf85758a03f389ded33118c"
url = "https://github.com/typst/typst/releases/download/v0.15.1/typst-x86_64-unknown-linux-musl.tar.xz"
url_api = "https://api.github.com/repos/typst/typst/releases/assets/480300761"

[tools.typst."platforms.linux-x64-musl-baseline"]
checksum = "sha256:a6d077d0a95eed5a2eba715b2dae06be954f624ccbf85758a03f389ded33118c"
url = "https://github.com/typst/typst/releases/download/v0.15.1/typst-x86_64-unknown-linux-musl.tar.xz"
url_api = "https://api.github.com/repos/typst/typst/releases/assets/480300761"

[tools.typst."platforms.macos-arm64"]
checksum = "sha256:48f62ed034aa3a7978309579ac6ca00045e2ef0da73114e8af27cfd8e74dc05a"
url = "https://github.com/typst/typst/releases/download/v0.15.1/typst-aarch64-apple-darwin.tar.xz"
url_api = "https://api.github.com/repos/typst/typst/releases/assets/480299147"

[tools.typst."platforms.macos-x64"]
checksum = "sha256:7f9fdd9584866245de9a79e0add8f9236fae6f40a8a45e2c4771ccc14db4e0fa"
url = "https://github.com/typst/typst/releases/download/v0.15.1/typst-x86_64-apple-darwin.tar.xz"
url_api = "https://api.github.com/repos/typst/typst/releases/assets/480300018"

[tools.typst."platforms.macos-x64-baseline"]
checksum = "sha256:7f9fdd9584866245de9a79e0add8f9236fae6f40a8a45e2c4771ccc14db4e0fa"
url = "https://github.com/typst/typst/releases/download/v0.15.1/typst-x86_64-apple-darwin.tar.xz"
url_api = "https://api.github.com/repos/typst/typst/releases/assets/480300018"
