# @generated - this file is auto-generated by `mise lock` https://mise.en.dev/dev-tools/mise-lock.html

[[tools.actionlint]]
version = "1.7.12"
backend = "aqua:rhysd/actionlint"

[tools.actionlint."platforms.linux-x64"]
checksum = "sha256:8aca8db96f1b94770f1b0d72b6dddcb1ebb8123cb3712530b08cc387b349a3d8"
url = "https://github.com/rhysd/actionlint/releases/download/v1.7.12/actionlint_1.7.12_linux_amd64.tar.gz"
provenance = "github-attestations"

[[tools.aqua]]
version = "2.57.2"
backend = "github:aquaproj/aqua"

[tools.aqua."platforms.linux-x64"]
checksum = "sha256:d3d8fc69adc28588d900f1dff6e4aaa8c4105f2e929bf96ba9527f3bbe6139d0"
url = "https://github.com/aquaproj/aqua/releases/download/v2.57.2/aqua_linux_amd64.tar.gz"
url_api = "https://api.github.com/repos/aquaproj/aqua/releases/assets/405294911"
provenance = "github-attestations"

[[tools."aqua:siketyan/ghr"]]
version = "0.4.5"
backend = "aqua:siketyan/ghr"

[tools."aqua:siketyan/ghr".options]
"vars.prerelease" = "true"

[tools."aqua:siketyan/ghr"."platforms.linux-x64"]
url = "https://github.com/siketyan/ghr/releases/download/v0.4.5/ghr-x86_64-unknown-linux-gnu.tar.gz"

[[tools."aqua:yarn"]]
version = "4.14.1"
backend = "aqua:yarn"

[tools."aqua:yarn"."platforms.linux-x64"]
url = "https://repo.yarnpkg.com/4.14.1/packages/yarnpkg-cli/bin/yarn.js"

[[tools.bat]]
version = "0.26.1"
backend = "aqua:sharkdp/bat"

[tools.bat."platforms.linux-x64"]
checksum = "sha256:0dcd8ac79732c0d5b136f11f4ee00e581440e16a44eab5b3105b611bbf2cf191"
url = "https://github.com/sharkdp/bat/releases/download/v0.26.1/bat-v0.26.1-x86_64-unknown-linux-musl.tar.gz"

[[tools.biome]]
version = "2.4.14"
backend = "aqua:biomejs/biome"

[tools.biome."platforms.linux-x64"]
checksum = "sha256:77b36a64b00589020e8e8c7ecb869f1721ed2b933dad186077490fb5cdc173cc"
url = "https://github.com/biomejs/biome/releases/download/%40biomejs/biome%402.4.14/biome-linux-x64"
provenance = "github-attestations"

[[tools.bun]]
version = "1.3.13"
backend = "core:bun"

[tools.bun."platforms.linux-x64"]
checksum = "sha256:79c0771fa8b92c33aae41e15a0e0d307ea99d0e2f00317c71c6c53237a78e25a"
url = "https://github.com/oven-sh/bun/releases/download/bun-v1.3.13/bun-linux-x64.zip"

[tools.bun."platforms.linux-x64-baseline"]
checksum = "sha256:9d8a24292a7068090205daac0a5a223f5f69736f5287e37bf88d3b4031edc750"
url = "https://github.com/oven-sh/bun/releases/download/bun-v1.3.13/bun-linux-x64-baseline.zip"

[tools.bun."platforms.linux-x64-musl"]
checksum = "sha256:5b91a48f0b00df9fd2da8bff1a795d2659d842da966432969203f25da19d1c74"
url = "https://github.com/oven-sh/bun/releases/download/bun-v1.3.13/bun-linux-x64-musl.zip"

[tools.bun."platforms.linux-x64-musl-baseline"]
checksum = "sha256:88ca7c7ad235b498f549eea2f770f434e9f0f5e9ba95168a2d3a1f235184c394"
url = "https://github.com/oven-sh/bun/releases/download/bun-v1.3.13/bun-linux-x64-musl-baseline.zip"

[[tools.cargo-binstall]]
version = "1.19.0"
backend = "aqua:cargo-bins/cargo-binstall"

[tools.cargo-binstall."platforms.linux-x64"]
checksum = "sha256:a7a4271099ce891368bc544d3f89315f12547df653ba16de2030461e8867edd6"
url = "https://github.com/cargo-bins/cargo-binstall/releases/download/v1.19.0/cargo-binstall-x86_64-unknown-linux-musl.tgz"

[[tools.claude]]
version = "2.1.126"
backend = "aqua:anthropics/claude-code"

[tools.claude."platforms.linux-x64"]
url = "https://storage.googleapis.com/claude-code-dist-86c565f3-f756-42ad-8dfa-d59b1c096819/claude-code-releases/2.1.126/linux-x64/claude"

[[tools.codex]]
version = "0.128.0"
backend = "aqua:openai/codex"

[tools.codex."platforms.linux-x64"]
checksum = "sha256:08066a60937b081326ba9ba4daca089d1e8bda26972af68506b3ce1ace2435dc"
url = "https://github.com/openai/codex/releases/download/rust-v0.128.0/codex-x86_64-unknown-linux-musl.zst"

[[tools.copilot]]
version = "1.0.43"
backend = "aqua:github/copilot-cli"

[tools.copilot."platforms.linux-x64"]
checksum = "sha256:60855021a4ac901a70717e25505000b25a1159a472f9889791b019c77db358df"
url = "https://github.com/github/copilot-cli/releases/download/v1.0.43/copilot-linux-x64.tar.gz"

[[tools.delta]]
version = "0.19.2"
backend = "aqua:dandavison/delta"

[tools.delta."platforms.linux-x64"]
checksum = "sha256:f1ea01ca7728ce3462debc359f39dfc7cbbc1a63224b71fefabf92042864aa1b"
url = "https://github.com/dandavison/delta/releases/download/0.19.2/delta-0.19.2-x86_64-unknown-linux-musl.tar.gz"

[[tools.doggo]]
version = "1.1.5"
backend = "aqua:mr-karan/doggo"

[tools.doggo."platforms.linux-x64"]
checksum = "sha256:fe29a6c856ee9ba4eda5a551eb9aab7cd81db92773a58200c9734b672ad38146"
url = "https://github.com/mr-karan/doggo/releases/download/v1.1.5/doggo_1.1.5_Linux_x86_64.tar.gz"

[[tools.eza]]
version = "0.23.4"
backend = "aqua:eza-community/eza"

[tools.eza."platforms.linux-x64"]
checksum = "sha256:d231bb3ee33b08c76279b5888845dceb7034d055c42bb9be46dbe0dae39394df"
url = "https://github.com/eza-community/eza/releases/download/v0.23.4/eza_x86_64-unknown-linux-musl.tar.gz"

[[tools.fd]]
version = "10.4.2"
backend = "aqua:sharkdp/fd"

[tools.fd."platforms.linux-x64"]
checksum = "sha256:e3257d48e29a6be965187dbd24ce9af564e0fe67b3e73c9bdcd180f4ec11bdde"
url = "https://github.com/sharkdp/fd/releases/download/v10.4.2/fd-v10.4.2-x86_64-unknown-linux-musl.tar.gz"

[[tools.gemini-cli]]
version = "0.40.1"
backend = "npm:@google/gemini-cli"

[[tools.ghalint]]
version = "1.5.6"
backend = "aqua:suzuki-shunsuke/ghalint"

[tools.ghalint."platforms.linux-x64"]
checksum = "sha256:98ee0e3330de7286f470d1e89c03ff7ce70d7a5998ba0f15969c400447be579c"
url = "https://github.com/suzuki-shunsuke/ghalint/releases/download/v1.5.6/ghalint_1.5.6_linux_amd64.tar.gz"

[tools.ghalint."platforms.linux-x64".provenance.slsa]
url = "https://github.com/suzuki-shunsuke/ghalint/releases/download/v1.5.6/multiple.intoto.jsonl"

[[tools.github-cli]]
version = "2.92.0"
backend = "aqua:cli/cli"

[tools.github-cli."platforms.linux-x64"]
checksum = "sha256:b57848131bdf0c229cd35e1f2a51aa718199858b2e728410b37e89a428943ec4"
url = "https://github.com/cli/cli/releases/download/v2.92.0/gh_2.92.0_linux_amd64.tar.gz"
provenance = "github-attestations"

[[tools."github:garden-rs/garden"]]
version = "2.6.0"
backend = "github:garden-rs/garden"

[tools."github:garden-rs/garden"."platforms.linux-x64"]
checksum = "sha256:a75a071e2dd510577def4afe5016efd115e78e2333d7d5b6c1a40a5cb2e9fe71"
url = "https://github.com/garden-rs/garden/releases/download/v2.6.0/garden-2.6.0-x86_64-unknown-linux-gnu.tar.gz"
url_api = "https://api.github.com/repos/garden-rs/garden/releases/assets/374207329"

[[tools."github:seachicken/gh-poi"]]
version = "0.17.1"
backend = "github:seachicken/gh-poi"

[tools."github:seachicken/gh-poi"."platforms.linux-x64"]
checksum = "sha256:369d43d6c10edb67d49aa5992cd807cf12ad2d4212aa622e365b0cda3d534e6a"
url = "https://github.com/seachicken/gh-poi/releases/download/v0.17.1/linux-amd64"
url_api = "https://api.github.com/repos/seachicken/gh-poi/releases/assets/410815626"

[[tools.glow]]
version = "2.1.2"
backend = "aqua:charmbracelet/glow"

[tools.glow."platforms.linux-x64"]
checksum = "sha256:6063d4f2af8a82a5f4bba0831e165de9381660aa8b41df4816d0106a265b07d5"
url = "https://github.com/charmbracelet/glow/releases/download/v2.1.2/glow_2.1.2_Linux_x86_64.tar.gz"

[[tools.go]]
version = "1.26.2"
backend = "core:go"

[tools.go."platforms.linux-x64"]
checksum = "sha256:990e6b4bbba816dc3ee129eaeaf4b42f17c2800b88a2166c265ac1a200262282"
url = "https://dl.google.com/go/go1.26.2.linux-amd64.tar.gz"

[[tools.gradle]]
version = "9.6.0-M1"
backend = "aqua:gradle/gradle"

[tools.gradle."platforms.linux-x64"]
checksum = "sha256:8bf1cd7dcadb6d5de70aecf4548465c05973a2a3db8063c72db667314405bee3"
url = "https://github.com/gradle/gradle-distributions/releases/download/v9.6.0-M1/gradle-9.6.0-milestone-1-bin.zip"

[[tools.hadolint]]
version = "2.14.0"
backend = "aqua:hadolint/hadolint"

[tools.hadolint."platforms.linux-x64"]
checksum = "sha256:6bf226944684f56c84dd014e8b979d27425c0148f61b3bd99bcc6f39e9dc5a47"
url = "https://github.com/hadolint/hadolint/releases/download/v2.14.0/hadolint-linux-x86_64"

[[tools.hk]]
version = "1.45.0"
backend = "aqua:jdx/hk"

[tools.hk."platforms.linux-x64"]
checksum = "sha256:47a3338403f689cc295d36213cfede4e1098c335d18064416ea9ac2b9739c148"
url = "https://github.com/jdx/hk/releases/download/v1.45.0/hk-x86_64-unknown-linux-gnu.tar.gz"

[[tools.java]]
version = "26.0.1"
backend = "core:java"

[tools.java."platforms.linux-x64"]
checksum = "sha256:2f2802d57b5fc414f1ddf6648ba12cc9a6454cf67b32ac95407c018f2e6ab0b0"
url = "https://download.java.net/java/GA/jdk26.0.1/458fda22e4c54d5ba572ab8d2b22eb83/8/GPL/openjdk-26.0.1_linux-x64_bin.tar.gz"

[[tools.jc]]
version = "1.25.6"
backend = "aqua:kellyjonbrazil/jc"

[tools.jc."platforms.linux-x64"]
checksum = "sha256:cb7c58187cfde4dfcd2bf4368e5cb8b969b98cb7eeacfe46f6eb9e336c90ad40"
url = "https://github.com/kellyjonbrazil/jc/releases/download/v1.25.6/jc-1.25.6-linux-x86_64.tar.gz"

[[tools.jd]]
version = "2.5.0"
backend = "aqua:josephburnett/jd"

[tools.jd."platforms.linux-x64"]
checksum = "sha256:785dbbb8af613269539de952f7444f66f7cfbeb886c037495c4f0b2c3680db27"
url = "https://github.com/josephburnett/jd/releases/download/v2.5.0/jd-amd64-linux"

[[tools.jq]]
version = "1.8.1"
backend = "aqua:jqlang/jq"

[tools.jq."platforms.linux-x64"]
checksum = "sha256:020468de7539ce70ef1bceaf7cde2e8c4f2ca6c3afb84642aabc5c97d9fc2a0d"
url = "https://github.com/jqlang/jq/releases/download/jq-1.8.1/jq-linux-amd64"
provenance = "github-attestations"

[[tools.kubecolor]]
version = "0.6.0"
backend = "aqua:kubecolor/kubecolor"

[tools.kubecolor."platforms.linux-x64"]
checksum = "sha256:ded167eb2d94145cc46e4ccb52db24e85a865858353014514a85cb59c649d2fe"
url = "https://github.com/kubecolor/kubecolor/releases/download/v0.6.0/kubecolor_0.6.0_linux_amd64.tar.gz"
provenance = "github-attestations"

[[tools.kubectl]]
version = "1.36.0"
backend = "aqua:kubernetes/kubernetes/kubectl"

[tools.kubectl."platforms.linux-x64"]
checksum = "sha256:123d8c8844f46b1244c547fffb3c17180c0c26dac9890589fe7e67763298748e"
url = "https://dl.k8s.io/v1.36.0/bin/linux/amd64/kubectl"

[[tools.kubectx]]
version = "0.11.0"
backend = "aqua:ahmetb/kubectx"

[tools.kubectx."platforms.linux-x64"]
checksum = "sha256:08e031c54fbffb3f100e904e4eae94bba2730fedf4869921fda79e4d7a8f5d4c"
url = "https://github.com/ahmetb/kubectx/releases/download/v0.11.0/kubectx_v0.11.0_linux_x86_64.tar.gz"

[[tools.kubeseal]]
version = "0.36.6"
backend = "aqua:bitnami-labs/sealed-secrets"

[tools.kubeseal."platforms.linux-x64"]
checksum = "sha256:9a091f92d56ae90e6df269294c556cf75b48fe50ebc09541a1e85732373a9893"
url = "https://github.com/bitnami-labs/sealed-secrets/releases/download/v0.36.6/kubeseal-0.36.6-linux-amd64.tar.gz"

[[tools.lychee]]
version = "0.24.2"
backend = "aqua:lycheeverse/lychee"

[tools.lychee."platforms.linux-x64"]
checksum = "sha256:73657a111819a30c47c08352896796f23d64e4eb2b3ed39b6d32149241566fc5"
url = "https://github.com/lycheeverse/lychee/releases/download/lychee-v0.24.2/lychee-x86_64-unknown-linux-musl.tar.gz"

[[tools.miller]]
version = "6.18.1"
backend = "aqua:johnkerl/miller"

[tools.miller."platforms.linux-x64"]
checksum = "sha256:5a1b4322dae60857e8de6ac4acd5a2ce97b174667ee5f4de059cf05ced4b56ea"
url = "https://github.com/johnkerl/miller/releases/download/v6.18.1/miller-6.18.1-linux-amd64.tar.gz"

[[tools.mitmproxy]]
version = "12.2.2"
backend = "pipx:mitmproxy"

[[tools.node]]
version = "25.9.0"
backend = "core:node"

[tools.node."platforms.linux-x64"]
checksum = "sha256:134e55b2408448a219760fe04dc44d6851f9de8a79549021ffd870e9082d9e7b"
url = "https://nodejs.org/dist/v25.9.0/node-v25.9.0-linux-x64.tar.gz"

[[tools.npm]]
version = "11.13.0"
backend = "npm:npm"

[[tools.numbat]]
version = "1.23.0"
backend = "aqua:sharkdp/numbat"

[tools.numbat."platforms.linux-x64"]
checksum = "sha256:09efa9dfbff4d983fb0484e2bfc126df9d0cbedede627d22ac61141457b5daa1"
url = "https://github.com/sharkdp/numbat/releases/download/v1.23.0/numbat-v1.23.0-x86_64-unknown-linux-musl.tar.gz"

[[tools.oxfmt]]
version = "0.47.0"
backend = "npm:oxfmt"

[[tools.oxlint]]
version = "1.62.0"
backend = "npm:oxlint"

[[tools.pinact]]
version = "3.9.2"
backend = "aqua:suzuki-shunsuke/pinact"

[tools.pinact."platforms.linux-x64"]
checksum = "sha256:6adcc8a2217e4114e0841f8bca0cddf9958a9c52e3e89760c35b791cdba1a916"
url = "https://github.com/suzuki-shunsuke/pinact/releases/download/v3.9.2/pinact_linux_amd64.tar.gz"
provenance = "github-attestations"

[[tools."pipx:markitdown"]]
version = "0.1.5"
backend = "pipx:markitdown"

[tools."pipx:markitdown".options]
extras = "all"

[[tools.pitchfork]]
version = "2.8.0"
backend = "aqua:jdx/pitchfork"

[tools.pitchfork."platforms.linux-x64"]
checksum = "sha256:172df18d336d137ed5e22076b39c374451ca4c81375a0d2fb78121c261c92913"
url = "https://github.com/endevco/pitchfork/releases/download/v2.8.0/pitchfork-x86_64-unknown-linux-gnu.tar.gz"

[[tools.pnpm]]
version = "11.0.4"
backend = "aqua:pnpm/pnpm"

[tools.pnpm."platforms.linux-x64"]
checksum = "sha256:af148fa26d8bfc3b3e2bda40d96c79f0d449364cc7cc4530bfbb2fb2a23d983f"
url = "https://github.com/pnpm/pnpm/releases/download/v11.0.4/pnpm-linux-x64.tar.gz"

[[tools.prettier]]
version = "3.8.3"
backend = "npm:prettier"

[[tools.python]]
version = "3.14.4"
backend = "core:python"

[tools.python."platforms.linux-x64"]
checksum = "sha256:fe9a9c32d13870af632cbac3dfc7528ae53597e94472aa4c7d6a42e8166136cd"
url = "https://github.com/astral-sh/python-build-standalone/releases/download/20260414/cpython-3.14.4+20260414-x86_64-unknown-linux-gnu-install_only_stripped.tar.gz"
provenance = "github-attestations"

[[tools.ripgrep]]
version = "15.1.0"
backend = "aqua:BurntSushi/ripgrep"

[tools.ripgrep."platforms.linux-x64"]
checksum = "sha256:1c9297be4a084eea7ecaedf93eb03d058d6faae29bbc57ecdaf5063921491599"
url = "https://github.com/BurntSushi/ripgrep/releases/download/15.1.0/ripgrep-15.1.0-x86_64-unknown-linux-musl.tar.gz"

[[tools.rust]]
version = "1.95.0"
backend = "core:rust"

[[tools.sccache]]
version = "0.15.0"
backend = "aqua:mozilla/sccache"

[tools.sccache."platforms.linux-x64"]
checksum = "sha256:782d2b5dd7ae0a55ebe368ab258114d0928d019ac2d949ab85d5d02f3926709e"
url = "https://github.com/mozilla/sccache/releases/download/v0.15.0/sccache-v0.15.0-x86_64-unknown-linux-musl.tar.gz"

[[tools.sd]]
version = "1.1.0"
backend = "aqua:chmln/sd"

[tools.sd."platforms.linux-x64"]
checksum = "sha256:02f00f4777d43e8e95b7b8d49e1a0d6e502fed4b8e79c1c8b8063857a30caa2e"
url = "https://github.com/chmln/sd/releases/download/v1.1.0/sd-v1.1.0-x86_64-unknown-linux-musl.tar.gz"

[[tools.shellcheck]]
version = "0.11.0"
backend = "aqua:koalaman/shellcheck"

[tools.shellcheck."platforms.linux-x64"]
checksum = "sha256:8c3be12b05d5c177a04c29e3c78ce89ac86f1595681cab149b65b97c4e227198"
url = "https://github.com/koalaman/shellcheck/releases/download/v0.11.0/shellcheck-v0.11.0.linux.x86_64.tar.xz"

[[tools.shfmt]]
version = "3.13.1"
backend = "aqua:mvdan/sh"

[tools.shfmt."platforms.linux-x64"]
checksum = "sha256:fb096c5d1ac6beabbdbaa2874d025badb03ee07929f0c9ff67563ce8c75398b1"
url = "https://github.com/mvdan/sh/releases/download/v3.13.1/shfmt_v3.13.1_linux_amd64"

[[tools.taplo]]
version = "0.10.0"
backend = "aqua:tamasfe/taplo"

[tools.taplo."platforms.linux-x64"]
url = "https://github.com/tamasfe/taplo/releases/download/0.10.0/taplo-linux-x86_64.gz"

[[tools.typos]]
version = "1.46.0"
backend = "aqua:crate-ci/typos"

[tools.typos."platforms.linux-x64"]
checksum = "sha256:c62a626df385c96574743fd4974aeb271a41a67d080a0398e36e1a42782f614a"
url = "https://github.com/crate-ci/typos/releases/download/v1.46.0/typos-v1.46.0-x86_64-unknown-linux-musl.tar.gz"

[[tools.typst]]
version = "0.14.2"
backend = "aqua:typst/typst"

[tools.typst."platforms.linux-x64"]
checksum = "sha256:a6044cbad2a954deb921167e257e120ac0a16b20339ec01121194ff9d394996d"
url = "https://github.com/typst/typst/releases/download/v0.14.2/typst-x86_64-unknown-linux-musl.tar.xz"

[[tools.usage]]
version = "3.3.0"
backend = "aqua:jdx/usage"

[tools.usage."platforms.linux-x64"]
checksum = "sha256:9a4316d633243aa54308ff3bf6970923b18c105dea34fbc3009d51889e1dd03f"
url = "https://github.com/jdx/usage/releases/download/v3.3.0/usage-x86_64-unknown-linux-musl.tar.gz"

[[tools.uv]]
version = "0.11.11"
backend = "aqua:astral-sh/uv"

[tools.uv."platforms.linux-x64"]
checksum = "sha256:80521f18ba83109acd17e0730bd8ff898c3426aa62252c627d63418b353e788a"
url = "https://github.com/astral-sh/uv/releases/download/0.11.11/uv-x86_64-unknown-linux-musl.tar.gz"
provenance = "github-attestations"

[[tools.watchexec]]
version = "2.5.1"
backend = "aqua:watchexec/watchexec"

[tools.watchexec."platforms.linux-x64"]
checksum = "sha256:9efabd08de720c1ee7e57b487fe11904f0966828e76146e2b5ea5deee90626be"
url = "https://github.com/watchexec/watchexec/releases/download/v2.5.1/watchexec-2.5.1-x86_64-unknown-linux-musl.tar.xz"

[[tools.xh]]
version = "0.25.3"
backend = "aqua:ducaale/xh"

[tools.xh."platforms.linux-x64"]
checksum = "sha256:fc738e616b327e7a10256e206c78073bfeed95d73af6ba9ced4c5eb20ac8d717"
url = "https://github.com/ducaale/xh/releases/download/v0.25.3/xh-v0.25.3-x86_64-unknown-linux-musl.tar.gz"

[[tools.yamlfmt]]
version = "0.21.0"
backend = "aqua:google/yamlfmt"

[tools.yamlfmt."platforms.linux-x64"]
checksum = "sha256:1f300d9257b232bb3b541d7fb1b0e6b3c121bcbab381c86cd38cb8722be8a566"
url = "https://github.com/google/yamlfmt/releases/download/v0.21.0/yamlfmt_0.21.0_Linux_x86_64.tar.gz"

[[tools.yamllint]]
version = "1.38.0"
backend = "pipx:yamllint"

[[tools.yq]]
version = "4.53.2"
backend = "aqua:mikefarah/yq"

[tools.yq."platforms.linux-x64"]
checksum = "sha256:d56bf5c6819e8e696340c312bd70f849dc1678a7cda9c2ad63eebd906371d56b"
url = "https://github.com/mikefarah/yq/releases/download/v4.53.2/yq_linux_amd64"

[[tools.zizmor]]
version = "1.24.1"
backend = "aqua:zizmorcore/zizmor"

[tools.zizmor."platforms.linux-x64"]
checksum = "sha256:a8000f3c683319a523d3b20df0e75457ba591f049cfcbfa98966631b56733c03"
url = "https://github.com/zizmorcore/zizmor/releases/download/v1.24.1/zizmor-x86_64-unknown-linux-gnu.tar.gz"
provenance = "github-attestations"
